
Microsoft Visual Studio Solution File, Format Version 12.00
# Visual Studio 15
VisualStudioVersion = 15.0.28010.2048
MinimumVisualStudioVersion = 10.0.40219.1
Project("{8BC9CEB8-8B4A-11D0-8D11-00A0C91BC942}") = "CamTest", "CamTest\CamTest.vcxproj", "{10F05574-0095-4091-A72A-327414315F67}"
EndProject
Global
	GlobalSection(SolutionConfigurationPlatforms) = preSolution
		Debug|x64 = Debug|x64
		Debug|x86 = Debug|x86
		Release|x64 = Release|x64
		Release|x86 = Release|x86
	EndGlobalSection
	GlobalSection(ProjectConfigurationPlatforms) = postSolution
		{10F05574-0095-4091-A72A-327414315F67}.Debug|x64.ActiveCfg = Debug|x64
		{10F05574-0095-4091-A72A-327414315F67}.Debug|x64.Build.0 = Debug|x64
		{10F05574-0095-4091-A72A-327414315F67}.Debug|x86.ActiveCfg = Debug|Win32
		{10F05574-0095-4091-A72A-327414315F67}.Debug|x86.Build.0 = Debug|Win32
		{10F05574-0095-4091-A72A-327414315F67}.Release|x64.ActiveCfg = Release|x64
		{10F05574-0095-4091-A72A-327414315F67}.Release|x64.Build.0 = Release|x64
		{10F05574-0095-4091-A72A-327414315F67}.Release|x86.ActiveCfg = Release|Win32
		{10F05574-0095-4091-A72A-327414315F67}.Release|x86.Build.0 = Release|Win32
	EndGlobalSection
	GlobalSection(SolutionProperties) = preSolution
		HideSolutionNode = FALSE
	EndGlobalSection
	GlobalSection(ExtensibilityGlobals) = postSolution
		SolutionGuid = {7799EA31-EFEE-46F0-B973-C2B066797F16}
	EndGlobalSection
EndGlobal
